
Microsoft Visual Studio Solution File, Format Version 12.00
# Visual Studio Version 17
VisualStudioVersion = 17.13.35931.197 d17.13
MinimumVisualStudioVersion = 10.0.40219.1
Project("{FAE04EC0-301F-11D3-BF4B-00C04F79EFBC}") = "EventBus.Kafka", "EventBus.Kafka.csproj", "{AEFA1FAF-875F-7CC2-E7C1-F6B69D848D40}"
EndProject
Global
	GlobalSection(SolutionConfigurationPlatforms) = preSolution
		Debug|Any CPU = Debug|Any CPU
		Release|Any CPU = Release|Any CPU
	EndGlobalSection
	GlobalSection(ProjectConfigurationPlatforms) = postSolution
		{AEFA1FAF-875F-7CC2-E7C1-F6B69D848D40}.Debug|Any CPU.ActiveCfg = Debug|Any CPU
		{AEFA1FAF-875F-7CC2-E7C1-F6B69D848D40}.Debug|Any CPU.Build.0 = Debug|Any CPU
		{AEFA1FAF-875F-7CC2-E7C1-F6B69D848D40}.Release|Any CPU.ActiveCfg = Release|Any CPU
		{AEFA1FAF-875F-7CC2-E7C1-F6B69D848D40}.Release|Any CPU.Build.0 = Release|Any CPU
	EndGlobalSection
	GlobalSection(SolutionProperties) = preSolution
		HideSolutionNode = FALSE
	EndGlobalSection
	GlobalSection(ExtensibilityGlobals) = postSolution
		SolutionGuid = {142306ED-08B0-4717-9F96-28AF24A67746}
	EndGlobalSection
EndGlobal
